
Microsoft Visual Studio Solution File, Format Version 12.00
# Visual Studio Version 16
VisualStudioVersion = 16.0.30225.117
MinimumVisualStudioVersion = 10.0.40219.1
Project("{FAE04EC0-301F-11D3-BF4B-00C04F79EFBC}") = "GIt_Project", "WebApplication1\GIt_Project.csproj", "{F5FC7870-EB8C-4BED-A59A-EF4A6B85FB2E}"
EndProject
Global
	GlobalSection(SolutionConfigurationPlatforms) = preSolution
		Debug|Any CPU = Debug|Any CPU
		Release|Any CPU = Release|Any CPU
	EndGlobalSection
	GlobalSection(ProjectConfigurationPlatforms) = postSolution
		{F5FC7870-EB8C-4BED-A59A-EF4A6B85FB2E}.Debug|Any CPU.ActiveCfg = Debug|Any CPU
		{F5FC7870-EB8C-4BED-A59A-EF4A6B85FB2E}.Debug|Any CPU.Build.0 = Debug|Any CPU
		{F5FC7870-EB8C-4BED-A59A-EF4A6B85FB2E}.Release|Any CPU.ActiveCfg = Release|Any CPU
		{F5FC7870-EB8C-4BED-A59A-EF4A6B85FB2E}.Release|Any CPU.Build.0 = Release|Any CPU
	EndGlobalSection
	GlobalSection(SolutionProperties) = preSolution
		HideSolutionNode = FALSE
	EndGlobalSection
	GlobalSection(ExtensibilityGlobals) = postSolution
		SolutionGuid = {39131186-483F-4A39-9737-F4FEDF1B111B}
	EndGlobalSection
EndGlobal
